
Microsoft Visual Studio Solution File, Format Version 12.00
# Visual Studio Version 17
VisualStudioVersion = 17.4.33205.214
MinimumVisualStudioVersion = 10.0.40219.1
Project("{9A19103F-16F7-4668-BE54-9A1E7A4F7556}") = "api-Condominium", "api-Condominium\api-Condominium.csproj", "{BE33671C-1509-476F-A6E9-9384A4E6094E}"
EndProject
Project("{FAE04EC0-301F-11D3-BF4B-00C04F79EFBC}") = "api-Condominium.Applications", "api-Condominium.Applications\api-Condominium.Applications.csproj", "{D89A7A63-EAB5-4A7C-981D-455A1FBC5272}"
EndProject
Global
	GlobalSection(SolutionConfigurationPlatforms) = preSolution
		Debug|Any CPU = Debug|Any CPU
		Release|Any CPU = Release|Any CPU
	EndGlobalSection
	GlobalSection(ProjectConfigurationPlatforms) = postSolution
		{BE33671C-1509-476F-A6E9-9384A4E6094E}.Debug|Any CPU.ActiveCfg = Debug|Any CPU
		{BE33671C-1509-476F-A6E9-9384A4E6094E}.Debug|Any CPU.Build.0 = Debug|Any CPU
		{BE33671C-1509-476F-A6E9-9384A4E6094E}.Release|Any CPU.ActiveCfg = Release|Any CPU
		{BE33671C-1509-476F-A6E9-9384A4E6094E}.Release|Any CPU.Build.0 = Release|Any CPU
		{D89A7A63-EAB5-4A7C-981D-455A1FBC5272}.Debug|Any CPU.ActiveCfg = Debug|Any CPU
		{D89A7A63-EAB5-4A7C-981D-455A1FBC5272}.Debug|Any CPU.Build.0 = Debug|Any CPU
		{D89A7A63-EAB5-4A7C-981D-455A1FBC5272}.Release|Any CPU.ActiveCfg = Release|Any CPU
		{D89A7A63-EAB5-4A7C-981D-455A1FBC5272}.Release|Any CPU.Build.0 = Release|Any CPU
	EndGlobalSection
	GlobalSection(SolutionProperties) = preSolution
		HideSolutionNode = FALSE
	EndGlobalSection
	GlobalSection(ExtensibilityGlobals) = postSolution
		SolutionGuid = {52BF381F-26CA-4C2E-B4C2-3C39C173F58B}
	EndGlobalSection
EndGlobal
